lockfileVersion: '9.0'

settings:
  autoInstallPeers: true
  excludeLinksFromLockfile: false

importers:

  .:
    dependencies:
      typescript:
        specifier: 5.9.3
        version: 5.9.3

  packages/a:
    dependencies:
      b:
        specifier: workspace:*
        version: link:../b
      c:
        specifier: workspace:*
        version: link:../c

  packages/b:
    dependencies:
      c:
        specifier: workspace:*
        version: link:../c

  packages/c: {}

packages:

  typescript@5.9.3:
    resolution: {integrity: sha512-jl1vZzPDinLr9eUt3J/t7V6FgNEw9QjvBPdysz9KfQDD41fQrC2Y4vKQdiaUpFT4bXlb1RHhLpp8wtm6M5TgSw==}
    engines: {node: '>=14.17'}
    hasBin: true

snapshots:

  typescript@5.9.3: {}
